
Microsoft Visual Studio Solution File, Format Version 12.00
# Visual Studio 15
VisualStudioVersion = 15.0.28307.1259
MinimumVisualStudioVersion = 10.0.40219.1
Project("{8BC9CEB8-8B4A-11D0-8D11-00A0C91BC942}") = "15", "15\15.vcxproj", "{6A26ADD2-0CF9-4880-AB11-7E49F98DABDA}"
EndProject
Global
	GlobalSection(SolutionConfigurationPlatforms) = preSolution
		Debug|x64 = Debug|x64
		Debug|x86 = Debug|x86
		Release|x64 = Release|x64
		Release|x86 = Release|x86
	EndGlobalSection
	GlobalSection(ProjectConfigurationPlatforms) = postSolution
		{6A26ADD2-0CF9-4880-AB11-7E49F98DABDA}.Debug|x64.ActiveCfg = Debug|x64
		{6A26ADD2-0CF9-4880-AB11-7E49F98DABDA}.Debug|x64.Build.0 = Debug|x64
		{6A26ADD2-0CF9-4880-AB11-7E49F98DABDA}.Debug|x86.ActiveCfg = Debug|Win32
		{6A26ADD2-0CF9-4880-AB11-7E49F98DABDA}.Debug|x86.Build.0 = Debug|Win32
		{6A26ADD2-0CF9-4880-AB11-7E49F98DABDA}.Release|x64.ActiveCfg = Release|x64
		{6A26ADD2-0CF9-4880-AB11-7E49F98DABDA}.Release|x64.Build.0 = Release|x64
		{6A26ADD2-0CF9-4880-AB11-7E49F98DABDA}.Release|x86.ActiveCfg = Release|Win32
		{6A26ADD2-0CF9-4880-AB11-7E49F98DABDA}.Release|x86.Build.0 = Release|Win32
	EndGlobalSection
	GlobalSection(SolutionProperties) = preSolution
		HideSolutionNode = FALSE
	EndGlobalSection
	GlobalSection(ExtensibilityGlobals) = postSolution
		SolutionGuid = {01EE40A5-91E0-42BA-833F-A3E39B2409D3}
	EndGlobalSection
EndGlobal
